
Microsoft Visual Studio Solution File, Format Version 12.00
# Visual Studio 15
VisualStudioVersion = 15.0.28307.539
MinimumVisualStudioVersion = 10.0.40219.1
Project("{888888A0-9F3D-457C-B088-3A5042F75D52}") = "lab07", "lab07\lab07.pyproj", "{D321D64B-5404-4A4D-89E3-B94441C5CE53}"
EndProject
Global
	GlobalSection(SolutionConfigurationPlatforms) = preSolution
		Debug|Any CPU = Debug|Any CPU
		Release|Any CPU = Release|Any CPU
	EndGlobalSection
	GlobalSection(ProjectConfigurationPlatforms) = postSolution
		{D321D64B-5404-4A4D-89E3-B94441C5CE53}.Debug|Any CPU.ActiveCfg = Debug|Any CPU
		{D321D64B-5404-4A4D-89E3-B94441C5CE53}.Release|Any CPU.ActiveCfg = Release|Any CPU
	EndGlobalSection
	GlobalSection(SolutionProperties) = preSolution
		HideSolutionNode = FALSE
	EndGlobalSection
	GlobalSection(ExtensibilityGlobals) = postSolution
		SolutionGuid = {BA332AAE-BDC2-4B32-9A58-5453593C5214}
	EndGlobalSection
EndGlobal
